// !$*UTF8*$!
{
	archiveVersion = 1;
	classes = {
	};
	objectVersion = 46;
	objects = {

/* Begin PBXBuildFile section */
		E41EE6641EFBBCA40041FE3D /* main.m in Sources */ = {isa = PBXBuildFile; fileRef = E41EE6631EFBBCA40041FE3D /* main.m */; };
		E41EE6671EFBBCA40041FE3D /* AppDelegate.m in Sources */ = {isa = PBXBuildFile; fileRef = E41EE6661EFBBCA40041FE3D /* AppDelegate.m */; };
		E41EE66A1EFBBCA40041FE3D /* ViewController.m in Sources */ = {isa = PBXBuildFile; fileRef = E41EE6691EFBBCA40041FE3D /* ViewController.m */; };
		E41EE66D1EFBBCA40041FE3D /* Main.storyboard in Resources */ = {isa = PBXBuildFile; fileRef = E41EE66B1EFBBCA40041FE3D /* Main.storyboard */; };
		E41EE66F1EFBBCA40041FE3D /* Assets.xcassets in Resources */ = {isa = PBXBuildFile; fileRef = E41EE66E1EFBBCA40041FE3D /* Assets.xcassets */; };
		E41EE6721EFBBCA40041FE3D /* LaunchScreen.storyboard in Resources */ = {isa = PBXBuildFile; fileRef = E41EE6701EFBBCA40041FE3D /* LaunchScreen.storyboard */; };
		E41EE67D1EFBBCA40041FE3D /* View___Tests.m in Sources */ = {isa = PBXBuildFile; fileRef = E41EE67C1EFBBCA40041FE3D /* View___Tests.m */; };
		E41EE6881EFBBCA40041FE3D /* View___UITests.m in Sources */ = {isa = PBXBuildFile; fileRef = E41EE6871EFBBCA40041FE3D /* View___UITests.m */; };
/* End PBXBuildFile section */

/* Begin PBXContainerItemProxy section */
		E41EE6791EFBBCA40041FE3D /* PBXContainerItemProxy */ = {
			isa = PBXContainerItemProxy;
			containerPortal = E41EE6571EFBBCA40041FE3D /* Project object */;
			proxyType = 1;
			remoteGlobalIDString = E41EE65E1EFBBCA40041FE3D;
			remoteInfo = "View半圆弧";
		};
		E41EE6841EFBBCA40041FE3D /* PBXContainerItemProxy */ = {
			isa = PBXContainerItemProxy;
			containerPortal = E41EE6571EFBBCA40041FE3D /* Project object */;
			proxyType = 1;
			remoteGlobalIDString = E41EE65E1EFBBCA40041FE3D;
			remoteInfo = "View半圆弧";
		};
/* End PBXContainerItemProxy section */

/* Begin PBXFileReference section */
		E41EE65F1EFBBCA40041FE3D /* View半圆弧.app */ = {isa = PBXFileReference; explicitFileType = wrapper.application; includeInIndex = 0; path = "View半圆弧.app"; sourceTree = BUILT_PRODUCTS_DIR; };
		E41EE6631EFBBCA40041FE3D /* main.m */ = {isa = PBXFileReference; lastKnownFileType = sourcecode.c.objc; path = main.m; sourceTree = "<group>"; };
		E41EE6651EFBBCA40041FE3D /* AppDelegate.h */ = {isa = PBXFileReference; lastKnownFileType = sourcecode.c.h; path = AppDelegate.h; sourceTree = "<group>"; };
		E41EE6661EFBBCA40041FE3D /* AppDelegate.m */ = {isa = PBXFileReference; lastKnownFileType = sourcecode.c.objc; path = AppDelegate.m; sourceTree = "<group>"; };
		E41EE6681EFBBCA40041FE3D /* ViewController.h */ = {isa = PBXFileReference; lastKnownFileType = sourcecode.c.h; path = ViewController.h; sourceTree = "<group>"; };
		E41EE6691EFBBCA40041FE3D /* ViewController.m */ = {isa = PBXFileReference; lastKnownFileType = sourcecode.c.objc; path = ViewController.m; sourceTree = "<group>"; };
		E41EE66C1EFBBCA40041FE3D /* Base */ = {isa = PBXFileReference; lastKnownFileType = file.storyboard; name = Base; path = Base.lproj/Main.storyboard; sourceTree = "<group>"; };
		E41EE66E1EFBBCA40041FE3D /* Assets.xcassets */ = {isa = PBXFileReference; lastKnownFileType = folder.assetcatalog; path = Assets.xcassets; sourceTree = "<group>"; };
		E41EE6711EFBBCA40041FE3D /* Base */ = {isa = PBXFileReference; lastKnownFileType = file.storyboard; name = Base; path = Base.lproj/LaunchScreen.storyboard; sourceTree = "<group>"; };
		E41EE6731EFBBCA40041FE3D /* Info.plist */ = {isa = PBXFileReference; lastKnownFileType = text.plist.xml; path = Info.plist; sourceTree = "<group>"; };
		E41EE6781EFBBCA40041FE3D /* View半圆弧Tests.xctest */ = {isa = PBXFileReference; explicitFileType = wrapper.cfbundle; includeInIndex = 0; path = "View半圆弧Tests.xctest"; sourceTree = BUILT_PRODUCTS_DIR; };
		E41EE67C1EFBBCA40041FE3D /* View___Tests.m */ = {isa = PBXFileReference; lastKnownFileType = sourcecode.c.objc; path = "View___Tests.m"; sourceTree = "<group>"; };
		E41EE67E1EFBBCA40041FE3D /* Info.plist */ = {isa = PBXFileReference; lastKnownFileType = text.plist.xml; path = Info.plist; sourceTree = "<group>"; };
		E41EE6831EFBBCA40041FE3D /* View半圆弧UITests.xctest */ = {isa = PBXFileReference; explicitFileType = wrapper.cfbundle; includeInIndex = 0; path = "View半圆弧UITests.xctest"; sourceTree = BUILT_PRODUCTS_DIR; };
		E41EE6871EFBBCA40041FE3D /* View___UITests.m */ = {isa = PBXFileReference; lastKnownFileType = sourcecode.c.objc; path = "View___UITests.m"; sourceTree = "<group>"; };
		E41EE6891EFBBCA40041FE3D /* Info.plist */ = {isa = PBXFileReference; lastKnownFileType = text.plist.xml; path = Info.plist; sourceTree = "<group>"; };
/* End PBXFileReference section */

/* Begin PBXFrameworksBuildPhase section */
		E41EE65C1EFBBCA40041FE3D /* Frameworks */ = {
			isa = PBXFrameworksBuildPhase;
			buildActionMask = 2147483647;
			files = (
			);
			runOnlyForDeploymentPostprocessing = 0;
		};
		E41EE6751EFBBCA40041FE3D /* Frameworks */ = {
			isa = PBXFrameworksBuildPhase;
			buildActionMask = 2147483647;
			files = (
			);
			runOnlyForDeploymentPostprocessing = 0;
		};
		E41EE6801EFBBCA40041FE3D /* Frameworks */ = {
			isa = PBXFrameworksBuildPhase;
			buildActionMask = 2147483647;
			files = (
			);
			runOnlyForDeploymentPostprocessing = 0;
		};
/* End PBXFrameworksBuildPhase section */

/* Begin PBXGroup section */
		E41EE6561EFBBCA40041FE3D = {
			isa = PBXGroup;
			children = (
				E41EE6611EFBBCA40041FE3D /* View半圆弧 */,
				E41EE67B1EFBBCA40041FE3D /* View半圆弧Tests */,
				E41EE6861EFBBCA40041FE3D /* View半圆弧UITests */,
				E41EE6601EFBBCA40041FE3D /* Products */,
			);
			sourceTree = "<group>";
		};
		E41EE6601EFBBCA40041FE3D /* Products */ = {
			isa = PBXGroup;
			children = (
				E41EE65F1EFBBCA40041FE3D /* View半圆弧.app */,
				E41EE6781EFBBCA40041FE3D /* View半圆弧Tests.xctest */,
				E41EE6831EFBBCA40041FE3D /* View半圆弧UITests.xctest */,
			);
			name = Products;
			sourceTree = "<group>";
		};
		E41EE6611EFBBCA40041FE3D /* View半圆弧 */ = {
			isa = PBXGroup;
			children = (
				E41EE6651EFBBCA40041FE3D /* AppDelegate.h */,
				E41EE6661EFBBCA40041FE3D /* AppDelegate.m */,
				E41EE6681EFBBCA40041FE3D /* ViewController.h */,
				E41EE6691EFBBCA40041FE3D /* ViewController.m */,
				E41EE66B1EFBBCA40041FE3D /* Main.storyboard */,
				E41EE66E1EFBBCA40041FE3D /* Assets.xcassets */,
				E41EE6701EFBBCA40041FE3D /* LaunchScreen.storyboard */,
				E41EE6731EFBBCA40041FE3D /* Info.plist */,
				E41EE6621EFBBCA40041FE3D /* Supporting Files */,
			);
			path = "View半圆弧";
			sourceTree = "<group>";
		};
		E41EE6621EFBBCA40041FE3D /* Supporting Files */ = {
			isa = PBXGroup;
			children = (
				E41EE6631EFBBCA40041FE3D /* main.m */,
			);
			name = "Supporting Files";
			sourceTree = "<group>";
		};
		E41EE67B1EFBBCA40041FE3D /* View半圆弧Tests */ = {
			isa = PBXGroup;
			children = (
				E41EE67C1EFBBCA40041FE3D /* View___Tests.m */,
				E41EE67E1EFBBCA40041FE3D /* Info.plist */,
			);
			path = "View半圆弧Tests";
			sourceTree = "<group>";
		};
		E41EE6861EFBBCA40041FE3D /* View半圆弧UITests */ = {
			isa = PBXGroup;
			children = (
				E41EE6871EFBBCA40041FE3D /* View___UITests.m */,
				E41EE6891EFBBCA40041FE3D /* Info.plist */,
			);
			path = "View半圆弧UITests";
			sourceTree = "<group>";
		};
/* End PBXGroup section */

/* Begin PBXNativeTarget section */
		E41EE65E1EFBBCA40041FE3D /* View半圆弧 */ = {
			isa = PBXNativeTarget;
			buildConfigurationList = E41EE68C1EFBBCA40041FE3D /* Build configuration list for PBXNativeTarget "View半圆弧" */;
			buildPhases = (
				E41EE65B1EFBBCA40041FE3D /* Sources */,
				E41EE65C1EFBBCA40041FE3D /* Frameworks */,
				E41EE65D1EFBBCA40041FE3D /* Resources */,
			);
			buildRules = (
			);
			dependencies = (
			);
			name = "View半圆弧";
			productName = "View半圆弧";
			productReference = E41EE65F1EFBBCA40041FE3D /* View半圆弧.app */;
			productType = "com.apple.product-type.application";
		};
		E41EE6771EFBBCA40041FE3D /* View半圆弧Tests */ = {
			isa = PBXNativeTarget;
			buildConfigurationList = E41EE68F1EFBBCA40041FE3D /* Build configuration list for PBXNativeTarget "View半圆弧Tests" */;
			buildPhases = (
				E41EE6741EFBBCA40041FE3D /* Sources */,
				E41EE6751EFBBCA40041FE3D /* Frameworks */,
				E41EE6761EFBBCA40041FE3D /* Resources */,
			);
			buildRules = (
			);
			dependencies = (
				E41EE67A1EFBBCA40041FE3D /* PBXTargetDependency */,
			);
			name = "View半圆弧Tests";
			productName = "View半圆弧Tests";
			productReference = E41EE6781EFBBCA40041FE3D /* View半圆弧Tests.xctest */;
			productType = "com.apple.product-type.bundle.unit-test";
		};
		E41EE6821EFBBCA40041FE3D /* View半圆弧UITests */ = {
			isa = PBXNativeTarget;
			buildConfigurationList = E41EE6921EFBBCA40041FE3D /* Build configuration list for PBXNativeTarget "View半圆弧UITests" */;
			buildPhases = (
				E41EE67F1EFBBCA40041FE3D /* Sources */,
				E41EE6801EFBBCA40041FE3D /* Frameworks */,
				E41EE6811EFBBCA40041FE3D /* Resources */,
			);
			buildRules = (
			);
			dependencies = (
				E41EE6851EFBBCA40041FE3D /* PBXTargetDependency */,
			);
			name = "View半圆弧UITests";
			productName = "View半圆弧UITests";
			productReference = E41EE6831EFBBCA40041FE3D /* View半圆弧UITests.xctest */;
			productType = "com.apple.product-type.bundle.ui-testing";
		};
/* End PBXNativeTarget section */

/* Begin PBXProject section */
		E41EE6571EFBBCA40041FE3D /* Project object */ = {
			isa = PBXProject;
			attributes = {
				LastUpgradeCheck = 0830;
				ORGANIZATIONNAME = CocoHaHa;
				TargetAttributes = {
					E41EE65E1EFBBCA40041FE3D = {
						CreatedOnToolsVersion = 8.3.3;
						DevelopmentTeam = X76LH572J4;
						ProvisioningStyle = Automatic;
					};
					E41EE6771EFBBCA40041FE3D = {
						CreatedOnToolsVersion = 8.3.3;
						DevelopmentTeam = X76LH572J4;
						ProvisioningStyle = Automatic;
						TestTargetID = E41EE65E1EFBBCA40041FE3D;
					};
					E41EE6821EFBBCA40041FE3D = {
						CreatedOnToolsVersion = 8.3.3;
						DevelopmentTeam = X76LH572J4;
						ProvisioningStyle = Automatic;
						TestTargetID = E41EE65E1EFBBCA40041FE3D;
					};
				};
			};
			buildConfigurationList = E41EE65A1EFBBCA40041FE3D /* Build configuration list for PBXProject "View半圆弧" */;
			compatibilityVersion = "Xcode 3.2";
			developmentRegion = English;
			hasScannedForEncodings = 0;
			knownRegions = (
				en,
				Base,
			);
			mainGroup = E41EE6561EFBBCA40041FE3D;
			productRefGroup = E41EE6601EFBBCA40041FE3D /* Products */;
			projectDirPath = "";
			projectRoot = "";
			targets = (
				E41EE65E1EFBBCA40041FE3D /* View半圆弧 */,
				E41EE6771EFBBCA40041FE3D /* View半圆弧Tests */,
				E41EE6821EFBBCA40041FE3D /* View半圆弧UITests */,
			);
		};
/* End PBXProject section */

/* Begin PBXResourcesBuildPhase section */
		E41EE65D1EFBBCA40041FE3D /* Resources */ = {
			isa = PBXResourcesBuildPhase;
			buildActionMask = 2147483647;
			files = (
				E41EE6721EFBBCA40041FE3D /* LaunchScreen.storyboard in Resources */,
				E41EE66F1EFBBCA40041FE3D /* Assets.xcassets in Resources */,
				E41EE66D1EFBBCA40041FE3D /* Main.storyboard in Resources */,
			);
			runOnlyForDeploymentPostprocessing = 0;
		};
		E41EE6761EFBBCA40041FE3D /* Resources */ = {
			isa = PBXResourcesBuildPhase;
			buildActionMask = 2147483647;
			files = (
			);
			runOnlyForDeploymentPostprocessing = 0;
		};
		E41EE6811EFBBCA40041FE3D /* Resources */ = {
			isa = PBXResourcesBuildPhase;
			buildActionMask = 2147483647;
			files = (
			);
			runOnlyForDeploymentPostprocessing = 0;
		};
/* End PBXResourcesBuildPhase section */

/* Begin PBXSourcesBuildPhase section */
		E41EE65B1EFBBCA40041FE3D /* Sources */ = {
			isa = PBXSourcesBuildPhase;
			buildActionMask = 2147483647;
			files = (
				E41EE66A1EFBBCA40041FE3D /* ViewController.m in Sources */,
				E41EE6671EFBBCA40041FE3D /* AppDelegate.m in Sources */,
				E41EE6641EFBBCA40041FE3D /* main.m in Sources */,
			);
			runOnlyForDeploymentPostprocessing = 0;
		};
		E41EE6741EFBBCA40041FE3D /* Sources */ = {
			isa = PBXSourcesBuildPhase;
			buildActionMask = 2147483647;
			files = (
				E41EE67D1EFBBCA40041FE3D /* View___Tests.m in Sources */,
			);
			runOnlyForDeploymentPostprocessing = 0;
		};
		E41EE67F1EFBBCA40041FE3D /* Sources */ = {
			isa = PBXSourcesBuildPhase;
			buildActionMask = 2147483647;
			files = (
				E41EE6881EFBBCA40041FE3D /* View___UITests.m in Sources */,
			);
			runOnlyForDeploymentPostprocessing = 0;
		};
/* End PBXSourcesBuildPhase section */

/* Begin PBXTargetDependency section */
		E41EE67A1EFBBCA40041FE3D /* PBXTargetDependency */ = {
			isa = PBXTargetDependency;
			target = E41EE65E1EFBBCA40041FE3D /* View半圆弧 */;
			targetProxy = E41EE6791EFBBCA40041FE3D /* PBXContainerItemProxy */;
		};
		E41EE6851EFBBCA40041FE3D /* PBXTargetDependency */ = {
			isa = PBXTargetDependency;
			target = E41EE65E1EFBBCA40041FE3D /* View半圆弧 */;
			targetProxy = E41EE6841EFBBCA40041FE3D /* PBXContainerItemProxy */;
		};
/* End PBXTargetDependency section */

/* Begin PBXVariantGroup section */
		E41EE66B1EFBBCA40041FE3D /* Main.storyboard */ = {
			isa = PBXVariantGroup;
			children = (
				E41EE66C1EFBBCA40041FE3D /* Base */,
			);
			name = Main.storyboard;
			sourceTree = "<group>";
		};
		E41EE6701EFBBCA40041FE3D /* LaunchScreen.storyboard */ = {
			isa = PBXVariantGroup;
			children = (
				E41EE6711EFBBCA40041FE3D /* Base */,
			);
			name = LaunchScreen.storyboard;
			sourceTree = "<group>";
		};
/* End PBXVariantGroup section */

/* Begin XCBuildConfiguration section */
		E41EE68A1EFBBCA40041FE3D /* Debug */ = {
			isa = XCBuildConfiguration;
			buildSettings = {
				ALWAYS_SEARCH_USER_PATHS = NO;
				CLANG_ANALYZER_NONNULL = YES;
				CLANG_ANALYZER_NUMBER_OBJECT_CONVERSION = YES_AGGRESSIVE;
				CLANG_CXX_LANGUAGE_STANDARD = "gnu++0x";
				CLANG_CXX_LIBRARY = "libc++";
				CLANG_ENABLE_MODULES = YES;
				CLANG_ENABLE_OBJC_ARC = YES;
				CLANG_WARN_BOOL_CONVERSION = YES;
				CLANG_WARN_CONSTANT_CONVERSION = YES;
				CLANG_WARN_DIRECT_OBJC_ISA_USAGE = YES_ERROR;
				CLANG_WARN_DOCUMENTATION_COMMENTS = YES;
				CLANG_WARN_EMPTY_BODY = YES;
				CLANG_WARN_ENUM_CONVERSION = YES;
				CLANG_WARN_INFINITE_RECURSION = YES;
				CLANG_WARN_INT_CONVERSION = YES;
				CLANG_WARN_OBJC_ROOT_CLASS = YES_ERROR;
				CLANG_WARN_SUSPICIOUS_MOVE = YES;
				CLANG_WARN_UNREACHABLE_CODE = YES;
				CLANG_WARN__DUPLICATE_METHOD_MATCH = YES;
				"CODE_SIGN_IDENTITY[sdk=iphoneos*]" = "iPhone Developer";
				COPY_PHASE_STRIP = NO;
				DEBUG_INFORMATION_FORMAT = dwarf;
				ENABLE_STRICT_OBJC_MSGSEND = YES;
				ENABLE_TESTABILITY = YES;
				GCC_C_LANGUAGE_STANDARD = gnu99;
				GCC_DYNAMIC_NO_PIC = NO;
				GCC_NO_COMMON_BLOCKS = YES;
				GCC_OPTIMIZATION_LEVEL = 0;
				GCC_PREPROCESSOR_DEFINITIONS = (
					"DEBUG=1",
					"$(inherited)",
				);
				GCC_WARN_64_TO_32_BIT_CONVERSION = YES;
				GCC_WARN_ABOUT_RETURN_TYPE = YES_ERROR;
				GCC_WARN_UNDECLARED_SELECTOR = YES;
				GCC_WARN_UNINITIALIZED_AUTOS = YES_AGGRESSIVE;
				GCC_WARN_UNUSED_FUNCTION = YES;
				GCC_WARN_UNUSED_VARIABLE = YES;
				IPHONEOS_DEPLOYMENT_TARGET = 10.3;
				MTL_ENABLE_DEBUG_INFO = YES;
				ONLY_ACTIVE_ARCH = YES;
				SDKROOT = iphoneos;
				TARGETED_DEVICE_FAMILY = "1,2";
			};
			name = Debug;
		};
		E41EE68B1EFBBCA40041FE3D /* Release */ = {
			isa = XCBuildConfiguration;
			buildSettings = {
				ALWAYS_SEARCH_USER_PATHS = NO;
				CLANG_ANALYZER_NONNULL = YES;
				CLANG_ANALYZER_NUMBER_OBJECT_CONVERSION = YES_AGGRESSIVE;
				CLANG_CXX_LANGUAGE_STANDARD = "gnu++0x";
				CLANG_CXX_LIBRARY = "libc++";
				CLANG_ENABLE_MODULES = YES;
				CLANG_ENABLE_OBJC_ARC = YES;
				CLANG_WARN_BOOL_CONVERSION = YES;
				CLANG_WARN_CONSTANT_CONVERSION = YES;
				CLANG_WARN_DIRECT_OBJC_ISA_USAGE = YES_ERROR;
				CLANG_WARN_DOCUMENTATION_COMMENTS = YES;
				CLANG_WARN_EMPTY_BODY = YES;
				CLANG_WARN_ENUM_CONVERSION = YES;
				CLANG_WARN_INFINITE_RECURSION = YES;
				CLANG_WARN_INT_CONVERSION = YES;
				CLANG_WARN_OBJC_ROOT_CLASS = YES_ERROR;
				CLANG_WARN_SUSPICIOUS_MOVE = YES;
				CLANG_WARN_UNREACHABLE_CODE = YES;
				CLANG_WARN__DUPLICATE_METHOD_MATCH = YES;
				"CODE_SIGN_IDENTITY[sdk=iphoneos*]" = "iPhone Developer";
				COPY_PHASE_STRIP = NO;
				DEBUG_INFORMATION_FORMAT = "dwarf-with-dsym";
				ENABLE_NS_ASSERTIONS = NO;
				ENABLE_STRICT_OBJC_MSGSEND = YES;
				GCC_C_LANGUAGE_STANDARD = gnu99;
				GCC_NO_COMMON_BLOCKS = YES;
				GCC_WARN_64_TO_32_BIT_CONVERSION = YES;
				GCC_WARN_ABOUT_RETURN_TYPE = YES_ERROR;
				GCC_WARN_UNDECLARED_SELECTOR = YES;
				GCC_WARN_UNINITIALIZED_AUTOS = YES_AGGRESSIVE;
				GCC_WARN_UNUSED_FUNCTION = YES;
				GCC_WARN_UNUSED_VARIABLE = YES;
				IPHONEOS_DEPLOYMENT_TARGET = 10.3;
				MTL_ENABLE_DEBUG_INFO = NO;
				SDKROOT = iphoneos;
				TARGETED_DEVICE_FAMILY = "1,2";
				VALIDATE_PRODUCT = YES;
			};
			name = Release;
		};
		E41EE68D1EFBBCA40041FE3D /* Debug */ = {
			isa = XCBuildConfiguration;
			buildSettings = {
				ASSETCATALOG_COMPILER_APPICON_NAME = AppIcon;
				DEVELOPMENT_TEAM = X76LH572J4;
				INFOPLIST_FILE = "View半圆弧/Info.plist";
				LD_RUNPATH_SEARCH_PATHS = "$(inherited) @executable_path/Frameworks";
				PRODUCT_BUNDLE_IDENTIFIER = "com.cocohaha.View---";
				PRODUCT_NAME = "$(TARGET_NAME)";
			};
			name = Debug;
		};
		E41EE68E1EFBBCA40041FE3D /* Release */ = {
			isa = XCBuildConfiguration;
			buildSettings = {
				ASSETCATALOG_COMPILER_APPICON_NAME = AppIcon;
				DEVELOPMENT_TEAM = X76LH572J4;
				INFOPLIST_FILE = "View半圆弧/Info.plist";
				LD_RUNPATH_SEARCH_PATHS = "$(inherited) @executable_path/Frameworks";
				PRODUCT_BUNDLE_IDENTIFIER = "com.cocohaha.View---";
				PRODUCT_NAME = "$(TARGET_NAME)";
			};
			name = Release;
		};
		E41EE6901EFBBCA40041FE3D /* Debug */ = {
			isa = XCBuildConfiguration;
			buildSettings = {
				BUNDLE_LOADER = "$(TEST_HOST)";
				DEVELOPMENT_TEAM = X76LH572J4;
				INFOPLIST_FILE = "View半圆弧Tests/Info.plist";
				LD_RUNPATH_SEARCH_PATHS = "$(inherited) @executable_path/Frameworks @loader_path/Frameworks";
				PRODUCT_BUNDLE_IDENTIFIER = "com.cocohaha.View---Tests";
				PRODUCT_NAME = "$(TARGET_NAME)";
				TEST_HOST = "$(BUILT_PRODUCTS_DIR)/View半圆弧.app/View半圆弧";
			};
			name = Debug;
		};
		E41EE6911EFBBCA40041FE3D /* Release */ = {
			isa = XCBuildConfiguration;
			buildSettings = {
				BUNDLE_LOADER = "$(TEST_HOST)";
				DEVELOPMENT_TEAM = X76LH572J4;
				INFOPLIST_FILE = "View半圆弧Tests/Info.plist";
				LD_RUNPATH_SEARCH_PATHS = "$(inherited) @executable_path/Frameworks @loader_path/Frameworks";
				PRODUCT_BUNDLE_IDENTIFIER = "com.cocohaha.View---Tests";
				PRODUCT_NAME = "$(TARGET_NAME)";
				TEST_HOST = "$(BUILT_PRODUCTS_DIR)/View半圆弧.app/View半圆弧";
			};
			name = Release;
		};
		E41EE6931EFBBCA40041FE3D /* Debug */ = {
			isa = XCBuildConfiguration;
			buildSettings = {
				DEVELOPMENT_TEAM = X76LH572J4;
				INFOPLIST_FILE = "View半圆弧UITests/Info.plist";
				LD_RUNPATH_SEARCH_PATHS = "$(inherited) @executable_path/Frameworks @loader_path/Frameworks";
				PRODUCT_BUNDLE_IDENTIFIER = "com.cocohaha.View---UITests";
				PRODUCT_NAME = "$(TARGET_NAME)";
				TEST_TARGET_NAME = "View半圆弧";
			};
			name = Debug;
		};
		E41EE6941EFBBCA40041FE3D /* Release */ = {
			isa = XCBuildConfiguration;
			buildSettings = {
				DEVELOPMENT_TEAM = X76LH572J4;
				INFOPLIST_FILE = "View半圆弧UITests/Info.plist";
				LD_RUNPATH_SEARCH_PATHS = "$(inherited) @executable_path/Frameworks @loader_path/Frameworks";
				PRODUCT_BUNDLE_IDENTIFIER = "com.cocohaha.View---UITests";
				PRODUCT_NAME = "$(TARGET_NAME)";
				TEST_TARGET_NAME = "View半圆弧";
			};
			name = Release;
		};
/* End XCBuildConfiguration section */

/* Begin XCConfigurationList section */
		E41EE65A1EFBBCA40041FE3D /* Build configuration list for PBXProject "View半圆弧" */ = {
			isa = XCConfigurationList;
			buildConfigurations = (
				E41EE68A1EFBBCA40041FE3D /* Debug */,
				E41EE68B1EFBBCA40041FE3D /* Release */,
			);
			defaultConfigurationIsVisible = 0;
			defaultConfigurationName = Release;
		};
		E41EE68C1EFBBCA40041FE3D /* Build configuration list for PBXNativeTarget "View半圆弧" */ = {
			isa = XCConfigurationList;
			buildConfigurations = (
				E41EE68D1EFBBCA40041FE3D /* Debug */,
				E41EE68E1EFBBCA40041FE3D /* Release */,
			);
			defaultConfigurationIsVisible = 0;
		};
		E41EE68F1EFBBCA40041FE3D /* Build configuration list for PBXNativeTarget "View半圆弧Tests" */ = {
			isa = XCConfigurationList;
			buildConfigurations = (
				E41EE6901EFBBCA40041FE3D /* Debug */,
				E41EE6911EFBBCA40041FE3D /* Release */,
			);
			defaultConfigurationIsVisible = 0;
		};
		E41EE6921EFBBCA40041FE3D /* Build configuration list for PBXNativeTarget "View半圆弧UITests" */ = {
			isa = XCConfigurationList;
			buildConfigurations = (
				E41EE6931EFBBCA40041FE3D /* Debug */,
				E41EE6941EFBBCA40041FE3D /* Release */,
			);
			defaultConfigurationIsVisible = 0;
		};
/* End XCConfigurationList section */
	};
	rootObject = E41EE6571EFBBCA40041FE3D /* Project object */;
}
